
Microsoft Visual Studio Solution File, Format Version 12.00
# Visual Studio Version 16
VisualStudioVersion = 16.0.31727.386
MinimumVisualStudioVersion = 10.0.40219.1
Project("{FAE04EC0-301F-11D3-BF4B-00C04F79EFBC}") = "ConsoleApp1", "ConsoleApp1\ConsoleApp1.csproj", "{1C810C70-ADA4-4AE0-BAD7-DDCFDDB3B58E}"
EndProject
Global
	GlobalSection(SolutionConfigurationPlatforms) = preSolution
		Debug|Any CPU = Debug|Any CPU
		Release|Any CPU = Release|Any CPU
	EndGlobalSection
	GlobalSection(ProjectConfigurationPlatforms) = postSolution
		{1C810C70-ADA4-4AE0-BAD7-DDCFDDB3B58E}.Debug|Any CPU.ActiveCfg = Debug|Any CPU
		{1C810C70-ADA4-4AE0-BAD7-DDCFDDB3B58E}.Debug|Any CPU.Build.0 = Debug|Any CPU
		{1C810C70-ADA4-4AE0-BAD7-DDCFDDB3B58E}.Release|Any CPU.ActiveCfg = Release|Any CPU
		{1C810C70-ADA4-4AE0-BAD7-DDCFDDB3B58E}.Release|Any CPU.Build.0 = Release|Any CPU
	EndGlobalSection
	GlobalSection(SolutionProperties) = preSolution
		HideSolutionNode = FALSE
	EndGlobalSection
	GlobalSection(ExtensibilityGlobals) = postSolution
		SolutionGuid = {49918EBF-1F74-41F7-96D9-4DF8F54D353F}
	EndGlobalSection
EndGlobal
